
Microsoft Visual Studio Solution File, Format Version 12.00
# Visual Studio Version 17
VisualStudioVersion = 17.4.33205.214
MinimumVisualStudioVersion = 10.0.40219.1
Project("{9A19103F-16F7-4668-BE54-9A1E7A4F7556}") = "BlazorSpinner", "src\BlazorSpinner\BlazorSpinner.csproj", "{2343F3A2-1A19-4F1C-A9A6-14CEE479F977}"
EndProject
Project("{9A19103F-16F7-4668-BE54-9A1E7A4F7556}") = "BlazorAppTest", "test\BlazorAppTest\BlazorAppTest.csproj", "{8A3C83A2-F216-4249-89AD-B05F5B893C73}"
EndProject
Project("{9A19103F-16F7-4668-BE54-9A1E7A4F7556}") = "BlazorServerAppTest", "test\BlazorServerAppTest\BlazorServerAppTest.csproj", "{394F0D6C-541A-4263-9F04-BFA3147CF6E1}"
EndProject
Global
	GlobalSection(SolutionConfigurationPlatforms) = preSolution
		Debug|Any CPU = Debug|Any CPU
		Release|Any CPU = Release|Any CPU
	EndGlobalSection
	GlobalSection(ProjectConfigurationPlatforms) = postSolution
		{2343F3A2-1A19-4F1C-A9A6-14CEE479F977}.Debug|Any CPU.ActiveCfg = Release|Any CPU
		{2343F3A2-1A19-4F1C-A9A6-14CEE479F977}.Debug|Any CPU.Build.0 = Release|Any CPU
		{2343F3A2-1A19-4F1C-A9A6-14CEE479F977}.Release|Any CPU.ActiveCfg = Release|Any CPU
		{2343F3A2-1A19-4F1C-A9A6-14CEE479F977}.Release|Any CPU.Build.0 = Release|Any CPU
		{8A3C83A2-F216-4249-89AD-B05F5B893C73}.Debug|Any CPU.ActiveCfg = Debug|Any CPU
		{8A3C83A2-F216-4249-89AD-B05F5B893C73}.Debug|Any CPU.Build.0 = Debug|Any CPU
		{8A3C83A2-F216-4249-89AD-B05F5B893C73}.Release|Any CPU.ActiveCfg = Release|Any CPU
		{8A3C83A2-F216-4249-89AD-B05F5B893C73}.Release|Any CPU.Build.0 = Release|Any CPU
		{394F0D6C-541A-4263-9F04-BFA3147CF6E1}.Debug|Any CPU.ActiveCfg = Debug|Any CPU
		{394F0D6C-541A-4263-9F04-BFA3147CF6E1}.Debug|Any CPU.Build.0 = Debug|Any CPU
		{394F0D6C-541A-4263-9F04-BFA3147CF6E1}.Release|Any CPU.ActiveCfg = Release|Any CPU
		{394F0D6C-541A-4263-9F04-BFA3147CF6E1}.Release|Any CPU.Build.0 = Release|Any CPU
	EndGlobalSection
	GlobalSection(SolutionProperties) = preSolution
		HideSolutionNode = FALSE
	EndGlobalSection
	GlobalSection(ExtensibilityGlobals) = postSolution
		SolutionGuid = {485B181E-0C6E-4A15-BB3A-6D7605083B7C}
	EndGlobalSection
EndGlobal
